Microsoft Visual Studio Solution File, Format Version 12.00
# Visual Studio Version 17
VisualStudioVersion = 17.5.2.0
MinimumVisualStudioVersion = 10.0.40219.1
Project("{2150E333-8FDC-42A3-9474-1A3956D46DE8}") = "TH1", "TH1", "{B6F7806F-7B54-313B-4AD6-E566C7AB9EDF}"
EndProject
Project("{FAE04EC0-301F-11D3-BF4B-00C04F79EFBC}") = "Bai01", "TH1\Bai01\Bai01.csproj", "{864352EA-4544-99BF-46E5-E567A63F124D}"
EndProject
Project("{FAE04EC0-301F-11D3-BF4B-00C04F79EFBC}") = "Bai02", "TH1\Bai02\Bai02.csproj", "{73CAA70C-0840-729E-7735-1DEF2D0666EF}"
EndProject
Project("{FAE04EC0-301F-11D3-BF4B-00C04F79EFBC}") = "Bai03", "TH1\Bai03\Bai03.csproj", "{C558762C-6D03-BA7E-5F45-4203B1E66D3A}"
EndProject
Project("{FAE04EC0-301F-11D3-BF4B-00C04F79EFBC}") = "Bai04", "TH1\Bai04\Bai04.csproj", "{C2EFFE80-A438-28C6-BE28-8BBFF3D5F0D4}"
EndProject
Project("{FAE04EC0-301F-11D3-BF4B-00C04F79EFBC}") = "Bai05", "TH1\Bai05\Bai05.csproj", "{08C066B2-ED1E-9DAA-C208-538637B2D84E}"
EndProject
Project("{FAE04EC0-301F-11D3-BF4B-00C04F79EFBC}") = "Bai06", "TH1\Bai06\Bai06.csproj", "{C8027100-FA6E-ABDB-7DA6-706E4CDD43D6}"
EndProject
Global
	GlobalSection(SolutionConfigurationPlatforms) = preSolution
		Debug|Any CPU = Debug|Any CPU
		Release|Any CPU = Release|Any CPU
	EndGlobalSection
	GlobalSection(ProjectConfigurationPlatforms) = postSolution
		{864352EA-4544-99BF-46E5-E567A63F124D}.Debug|Any CPU.ActiveCfg = Debug|Any CPU
		{864352EA-4544-99BF-46E5-E567A63F124D}.Debug|Any CPU.Build.0 = Debug|Any CPU
		{864352EA-4544-99BF-46E5-E567A63F124D}.Release|Any CPU.ActiveCfg = Release|Any CPU
		{864352EA-4544-99BF-46E5-E567A63F124D}.Release|Any CPU.Build.0 = Release|Any CPU
		{73CAA70C-0840-729E-7735-1DEF2D0666EF}.Debug|Any CPU.ActiveCfg = Debug|Any CPU
		{73CAA70C-0840-729E-7735-1DEF2D0666EF}.Debug|Any CPU.Build.0 = Debug|Any CPU
		{73CAA70C-0840-729E-7735-1DEF2D0666EF}.Release|Any CPU.ActiveCfg = Release|Any CPU
		{73CAA70C-0840-729E-7735-1DEF2D0666EF}.Release|Any CPU.Build.0 = Release|Any CPU
		{C558762C-6D03-BA7E-5F45-4203B1E66D3A}.Debug|Any CPU.ActiveCfg = Debug|Any CPU
		{C558762C-6D03-BA7E-5F45-4203B1E66D3A}.Debug|Any CPU.Build.0 = Debug|Any CPU
		{C558762C-6D03-BA7E-5F45-4203B1E66D3A}.Release|Any CPU.ActiveCfg = Release|Any CPU
		{C558762C-6D03-BA7E-5F45-4203B1E66D3A}.Release|Any CPU.Build.0 = Release|Any CPU
		{C2EFFE80-A438-28C6-BE28-8BBFF3D5F0D4}.Debug|Any CPU.ActiveCfg = Debug|Any CPU
		{C2EFFE80-A438-28C6-BE28-8BBFF3D5F0D4}.Debug|Any CPU.Build.0 = Debug|Any CPU
		{C2EFFE80-A438-28C6-BE28-8BBFF3D5F0D4}.Release|Any CPU.ActiveCfg = Release|Any CPU
		{C2EFFE80-A438-28C6-BE28-8BBFF3D5F0D4}.Release|Any CPU.Build.0 = Release|Any CPU
		{08C066B2-ED1E-9DAA-C208-538637B2D84E}.Debug|Any CPU.ActiveCfg = Debug|Any CPU
		{08C066B2-ED1E-9DAA-C208-538637B2D84E}.Debug|Any CPU.Build.0 = Debug|Any CPU
		{08C066B2-ED1E-9DAA-C208-538637B2D84E}.Release|Any CPU.ActiveCfg = Release|Any CPU
		{08C066B2-ED1E-9DAA-C208-538637B2D84E}.Release|Any CPU.Build.0 = Release|Any CPU
		{C8027100-FA6E-ABDB-7DA6-706E4CDD43D6}.Debug|Any CPU.ActiveCfg = Debug|Any CPU
		{C8027100-FA6E-ABDB-7DA6-706E4CDD43D6}.Debug|Any CPU.Build.0 = Debug|Any CPU
		{C8027100-FA6E-ABDB-7DA6-706E4CDD43D6}.Release|Any CPU.ActiveCfg = Release|Any CPU
		{C8027100-FA6E-ABDB-7DA6-706E4CDD43D6}.Release|Any CPU.Build.0 = Release|Any CPU
	EndGlobalSection
	GlobalSection(SolutionProperties) = preSolution
		HideSolutionNode = FALSE
	EndGlobalSection
	GlobalSection(NestedProjects) = preSolution
		{864352EA-4544-99BF-46E5-E567A63F124D} = {B6F7806F-7B54-313B-4AD6-E566C7AB9EDF}
		{73CAA70C-0840-729E-7735-1DEF2D0666EF} = {B6F7806F-7B54-313B-4AD6-E566C7AB9EDF}
		{C558762C-6D03-BA7E-5F45-4203B1E66D3A} = {B6F7806F-7B54-313B-4AD6-E566C7AB9EDF}
		{C2EFFE80-A438-28C6-BE28-8BBFF3D5F0D4} = {B6F7806F-7B54-313B-4AD6-E566C7AB9EDF}
		{08C066B2-ED1E-9DAA-C208-538637B2D84E} = {B6F7806F-7B54-313B-4AD6-E566C7AB9EDF}
		{C8027100-FA6E-ABDB-7DA6-706E4CDD43D6} = {B6F7806F-7B54-313B-4AD6-E566C7AB9EDF}
	EndGlobalSection
	GlobalSection(ExtensibilityGlobals) = postSolution
		SolutionGuid = {C68A7A90-E64F-4541-BC23-BB6C02FC5EA4}
	EndGlobalSection
EndGlobal
